// !$*UTF8*$!
{
	archiveVersion = 1;
	classes = {
	};
	objectVersion = 46;
	objects = {

/* Begin PBXBuildFile section */
		3A0EA0961AEE2EAD0019ABF4 /* main.m in Sources */ = {isa = PBXBuildFile; fileRef = 3A0EA0951AEE2EAD0019ABF4 /* main.m */; };
		3A0EA0991AEE2EAD0019ABF4 /* AppDelegate.m in Sources */ = {isa = PBXBuildFile; fileRef = 3A0EA0981AEE2EAD0019ABF4 /* AppDelegate.m */; };
		3A0EA09C1AEE2EAD0019ABF4 /* ViewController.m in Sources */ = {isa = PBXBuildFile; fileRef = 3A0EA09B1AEE2EAD0019ABF4 /* ViewController.m */; };
		3A0EA09F1AEE2EAD0019ABF4 /* Main.storyboard in Resources */ = {isa = PBXBuildFile; fileRef = 3A0EA09D1AEE2EAD0019ABF4 /* Main.storyboard */; };
		3A0EA0A11AEE2EAD0019ABF4 /* Images.xcassets in Resources */ = {isa = PBXBuildFile; fileRef = 3A0EA0A01AEE2EAD0019ABF4 /* Images.xcassets */; };
		3A0EA0A41AEE2EAD0019ABF4 /* LaunchScreen.xib in Resources */ = {isa = PBXBuildFile; fileRef = 3A0EA0A21AEE2EAD0019ABF4 /* LaunchScreen.xib */; };
		3A0EA0B01AEE2EAD0019ABF4 /* AlertDemoTests.m in Sources */ = {isa = PBXBuildFile; fileRef = 3A0EA0AF1AEE2EAD0019ABF4 /* AlertDemoTests.m */; };
/* End PBXBuildFile section */

/* Begin PBXContainerItemProxy section */
		3A0EA0AA1AEE2EAD0019ABF4 /* PBXContainerItemProxy */ = {
			isa = PBXContainerItemProxy;
			containerPortal = 3A0EA0881AEE2EAD0019ABF4 /* Project object */;
			proxyType = 1;
			remoteGlobalIDString = 3A0EA08F1AEE2EAD0019ABF4;
			remoteInfo = AlertDemo;
		};
/* End PBXContainerItemProxy section */

/* Begin PBXFileReference section */
		3A0EA0901AEE2EAD0019ABF4 /* AlertDemo.app */ = {isa = PBXFileReference; explicitFileType = wrapper.application; includeInIndex = 0; path = AlertDemo.app; sourceTree = BUILT_PRODUCTS_DIR; };
		3A0EA0941AEE2EAD0019ABF4 /* Info.plist */ = {isa = PBXFileReference; lastKnownFileType = text.plist.xml; path = Info.plist; sourceTree = "<group>"; };
		3A0EA0951AEE2EAD0019ABF4 /* main.m */ = {isa = PBXFileReference; lastKnownFileType = sourcecode.c.objc; path = main.m; sourceTree = "<group>"; };
		3A0EA0971AEE2EAD0019ABF4 /* AppDelegate.h */ = {isa = PBXFileReference; lastKnownFileType = sourcecode.c.h; path = AppDelegate.h; sourceTree = "<group>"; };
		3A0EA0981AEE2EAD0019ABF4 /* AppDelegate.m */ = {isa = PBXFileReference; lastKnownFileType = sourcecode.c.objc; path = AppDelegate.m; sourceTree = "<group>"; };
		3A0EA09A1AEE2EAD0019ABF4 /* ViewController.h */ = {isa = PBXFileReference; lastKnownFileType = sourcecode.c.h; path = ViewController.h; sourceTree = "<group>"; };
		3A0EA09B1AEE2EAD0019ABF4 /* ViewController.m */ = {isa = PBXFileReference; lastKnownFileType = sourcecode.c.objc; path = ViewController.m; sourceTree = "<group>"; };
		3A0EA09E1AEE2EAD0019ABF4 /* Base */ = {isa = PBXFileReference; lastKnownFileType = file.storyboard; name = Base; path = Base.lproj/Main.storyboard; sourceTree = "<group>"; };
		3A0EA0A01AEE2EAD0019ABF4 /* Images.xcassets */ = {isa = PBXFileReference; lastKnownFileType = folder.assetcatalog; path = Images.xcassets; sourceTree = "<group>"; };
		3A0EA0A31AEE2EAD0019ABF4 /* Base */ = {isa = PBXFileReference; lastKnownFileType = file.xib; name = Base; path = Base.lproj/LaunchScreen.xib; sourceTree = "<group>"; };
		3A0EA0A91AEE2EAD0019ABF4 /* AlertDemoTests.xctest */ = {isa = PBXFileReference; explicitFileType = wrapper.cfbundle; includeInIndex = 0; path = AlertDemoTests.xctest; sourceTree = BUILT_PRODUCTS_DIR; };
		3A0EA0AE1AEE2EAD0019ABF4 /* Info.plist */ = {isa = PBXFileReference; lastKnownFileType = text.plist.xml; path = Info.plist; sourceTree = "<group>"; };
		3A0EA0AF1AEE2EAD0019ABF4 /* AlertDemoTests.m */ = {isa = PBXFileReference; lastKnownFileType = sourcecode.c.objc; path = AlertDemoTests.m; sourceTree = "<group>"; };
/* End PBXFileReference section */

/* Begin PBXFrameworksBuildPhase section */
		3A0EA08D1AEE2EAD0019ABF4 /* Frameworks */ = {
			isa = PBXFrameworksBuildPhase;
			buildActionMask = 2147483647;
			files = (
			);
			runOnlyForDeploymentPostprocessing = 0;
		};
		3A0EA0A61AEE2EAD0019ABF4 /* Frameworks */ = {
			isa = PBXFrameworksBuildPhase;
			buildActionMask = 2147483647;
			files = (
			);
			runOnlyForDeploymentPostprocessing = 0;
		};
/* End PBXFrameworksBuildPhase section */

/* Begin PBXGroup section */
		3A0EA0871AEE2EAD0019ABF4 = {
			isa = PBXGroup;
			children = (
				3A0EA0921AEE2EAD0019ABF4 /* AlertDemo */,
				3A0EA0AC1AEE2EAD0019ABF4 /* AlertDemoTests */,
				3A0EA0911AEE2EAD0019ABF4 /* Products */,
			);
			sourceTree = "<group>";
		};
		3A0EA0911AEE2EAD0019ABF4 /* Products */ = {
			isa = PBXGroup;
			children = (
				3A0EA0901AEE2EAD0019ABF4 /* AlertDemo.app */,
				3A0EA0A91AEE2EAD0019ABF4 /* AlertDemoTests.xctest */,
			);
			name = Products;
			sourceTree = "<group>";
		};
		3A0EA0921AEE2EAD0019ABF4 /* AlertDemo */ = {
			isa = PBXGroup;
			children = (
				3A0EA0971AEE2EAD0019ABF4 /* AppDelegate.h */,
				3A0EA0981AEE2EAD0019ABF4 /* AppDelegate.m */,
				3A0EA09A1AEE2EAD0019ABF4 /* ViewController.h */,
				3A0EA09B1AEE2EAD0019ABF4 /* ViewController.m */,
				3A0EA09D1AEE2EAD0019ABF4 /* Main.storyboard */,
				3A0EA0A01AEE2EAD0019ABF4 /* Images.xcassets */,
				3A0EA0A21AEE2EAD0019ABF4 /* LaunchScreen.xib */,
				3A0EA0931AEE2EAD0019ABF4 /* Supporting Files */,
			);
			path = AlertDemo;
			sourceTree = "<group>";
		};
		3A0EA0931AEE2EAD0019ABF4 /* Supporting Files */ = {
			isa = PBXGroup;
			children = (
				3A0EA0941AEE2EAD0019ABF4 /* Info.plist */,
				3A0EA0951AEE2EAD0019ABF4 /* main.m */,
			);
			name = "Supporting Files";
			sourceTree = "<group>";
		};
		3A0EA0AC1AEE2EAD0019ABF4 /* AlertDemoTests */ = {
			isa = PBXGroup;
			children = (
				3A0EA0AF1AEE2EAD0019ABF4 /* AlertDemoTests.m */,
				3A0EA0AD1AEE2EAD0019ABF4 /* Supporting Files */,
			);
			path = AlertDemoTests;
			sourceTree = "<group>";
		};
		3A0EA0AD1AEE2EAD0019ABF4 /* Supporting Files */ = {
			isa = PBXGroup;
			children = (
				3A0EA0AE1AEE2EAD0019ABF4 /* Info.plist */,
			);
			name = "Supporting Files";
			sourceTree = "<group>";
		};
/* End PBXGroup section */

/* Begin PBXNativeTarget section */
		3A0EA08F1AEE2EAD0019ABF4 /* AlertDemo */ = {
			isa = PBXNativeTarget;
			buildConfigurationList = 3A0EA0B31AEE2EAD0019ABF4 /* Build configuration list for PBXNativeTarget "AlertDemo" */;
			buildPhases = (
				3A0EA08C1AEE2EAD0019ABF4 /* Sources */,
				3A0EA08D1AEE2EAD0019ABF4 /* Frameworks */,
				3A0EA08E1AEE2EAD0019ABF4 /* Resources */,
			);
			buildRules = (
			);
			dependencies = (
			);
			name = AlertDemo;
			productName = AlertDemo;
			productReference = 3A0EA0901AEE2EAD0019ABF4 /* AlertDemo.app */;
			productType = "com.apple.product-type.application";
		};
		3A0EA0A81AEE2EAD0019ABF4 /* AlertDemoTests */ = {
			isa = PBXNativeTarget;
			buildConfigurationList = 3A0EA0B61AEE2EAD0019ABF4 /* Build configuration list for PBXNativeTarget "AlertDemoTests" */;
			buildPhases = (
				3A0EA0A51AEE2EAD0019ABF4 /* Sources */,
				3A0EA0A61AEE2EAD0019ABF4 /* Frameworks */,
				3A0EA0A71AEE2EAD0019ABF4 /* Resources */,
			);
			buildRules = (
			);
			dependencies = (
				3A0EA0AB1AEE2EAD0019ABF4 /* PBXTargetDependency */,
			);
			name = AlertDemoTests;
			productName = AlertDemoTests;
			productReference = 3A0EA0A91AEE2EAD0019ABF4 /* AlertDemoTests.xctest */;
			productType = "com.apple.product-type.bundle.unit-test";
		};
/* End PBXNativeTarget section */

/* Begin PBXProject section */
		3A0EA0881AEE2EAD0019ABF4 /* Project object */ = {
			isa = PBXProject;
			attributes = {
				LastUpgradeCheck = 0630;
				ORGANIZATIONNAME = "National Cheng Kung University";
				TargetAttributes = {
					3A0EA08F1AEE2EAD0019ABF4 = {
						CreatedOnToolsVersion = 6.3.1;
					};
					3A0EA0A81AEE2EAD0019ABF4 = {
						CreatedOnToolsVersion = 6.3.1;
						TestTargetID = 3A0EA08F1AEE2EAD0019ABF4;
					};
				};
			};
			buildConfigurationList = 3A0EA08B1AEE2EAD0019ABF4 /* Build configuration list for PBXProject "AlertDemo" */;
			compatibilityVersion = "Xcode 3.2";
			developmentRegion = English;
			hasScannedForEncodings = 0;
			knownRegions = (
				en,
				Base,
			);
			mainGroup = 3A0EA0871AEE2EAD0019ABF4;
			productRefGroup = 3A0EA0911AEE2EAD0019ABF4 /* Products */;
			projectDirPath = "";
			projectRoot = "";
			targets = (
				3A0EA08F1AEE2EAD0019ABF4 /* AlertDemo */,
				3A0EA0A81AEE2EAD0019ABF4 /* AlertDemoTests */,
			);
		};
/* End PBXProject section */

/* Begin PBXResourcesBuildPhase section */
		3A0EA08E1AEE2EAD0019ABF4 /* Resources */ = {
			isa = PBXResourcesBuildPhase;
			buildActionMask = 2147483647;
			files = (
				3A0EA09F1AEE2EAD0019ABF4 /* Main.storyboard in Resources */,
				3A0EA0A41AEE2EAD0019ABF4 /* LaunchScreen.xib in Resources */,
				3A0EA0A11AEE2EAD0019ABF4 /* Images.xcassets in Resources */,
			);
			runOnlyForDeploymentPostprocessing = 0;
		};
		3A0EA0A71AEE2EAD0019ABF4 /* Resources */ = {
			isa = PBXResourcesBuildPhase;
			buildActionMask = 2147483647;
			files = (
			);
			runOnlyForDeploymentPostprocessing = 0;
		};
/* End PBXResourcesBuildPhase section */

/* Begin PBXSourcesBuildPhase section */
		3A0EA08C1AEE2EAD0019ABF4 /* Sources */ = {
			isa = PBXSourcesBuildPhase;
			buildActionMask = 2147483647;
			files = (
				3A0EA09C1AEE2EAD0019ABF4 /* ViewController.m in Sources */,
				3A0EA0991AEE2EAD0019ABF4 /* AppDelegate.m in Sources */,
				3A0EA0961AEE2EAD0019ABF4 /* main.m in Sources */,
			);
			runOnlyForDeploymentPostprocessing = 0;
		};
		3A0EA0A51AEE2EAD0019ABF4 /* Sources */ = {
			isa = PBXSourcesBuildPhase;
			buildActionMask = 2147483647;
			files = (
				3A0EA0B01AEE2EAD0019ABF4 /* AlertDemoTests.m in Sources */,
			);
			runOnlyForDeploymentPostprocessing = 0;
		};
/* End PBXSourcesBuildPhase section */

/* Begin PBXTargetDependency section */
		3A0EA0AB1AEE2EAD0019ABF4 /* PBXTargetDependency */ = {
			isa = PBXTargetDependency;
			target = 3A0EA08F1AEE2EAD0019ABF4 /* AlertDemo */;
			targetProxy = 3A0EA0AA1AEE2EAD0019ABF4 /* PBXContainerItemProxy */;
		};
/* End PBXTargetDependency section */

/* Begin PBXVariantGroup section */
		3A0EA09D1AEE2EAD0019ABF4 /* Main.storyboard */ = {
			isa = PBXVariantGroup;
			children = (
				3A0EA09E1AEE2EAD0019ABF4 /* Base */,
			);
			name = Main.storyboard;
			sourceTree = "<group>";
		};
		3A0EA0A21AEE2EAD0019ABF4 /* LaunchScreen.xib */ = {
			isa = PBXVariantGroup;
			children = (
				3A0EA0A31AEE2EAD0019ABF4 /* Base */,
			);
			name = LaunchScreen.xib;
			sourceTree = "<group>";
		};
/* End PBXVariantGroup section */

/* Begin XCBuildConfiguration section */
		3A0EA0B11AEE2EAD0019ABF4 /* Debug */ = {
			isa = XCBuildConfiguration;
			buildSettings = {
				ALWAYS_SEARCH_USER_PATHS = NO;
				CLANG_CXX_LANGUAGE_STANDARD = "gnu++0x";
				CLANG_CXX_LIBRARY = "libc++";
				CLANG_ENABLE_MODULES = YES;
				CLANG_ENABLE_OBJC_ARC = YES;
				CLANG_WARN_BOOL_CONVERSION = YES;
				CLANG_WARN_CONSTANT_CONVERSION = YES;
				CLANG_WARN_DIRECT_OBJC_ISA_USAGE = YES_ERROR;
				CLANG_WARN_EMPTY_BODY = YES;
				CLANG_WARN_ENUM_CONVERSION = YES;
				CLANG_WARN_INT_CONVERSION = YES;
				CLANG_WARN_OBJC_ROOT_CLASS = YES_ERROR;
				CLANG_WARN_UNREACHABLE_CODE = YES;
				CLANG_WARN__DUPLICATE_METHOD_MATCH = YES;
				"CODE_SIGN_IDENTITY[sdk=iphoneos*]" = "iPhone Developer";
				COPY_PHASE_STRIP = NO;
				DEBUG_INFORMATION_FORMAT = "dwarf-with-dsym";
				ENABLE_STRICT_OBJC_MSGSEND = YES;
				GCC_C_LANGUAGE_STANDARD = gnu99;
				GCC_DYNAMIC_NO_PIC = NO;
				GCC_NO_COMMON_BLOCKS = YES;
				GCC_OPTIMIZATION_LEVEL = 0;
				GCC_PREPROCESSOR_DEFINITIONS = (
					"DEBUG=1",
					"$(inherited)",
				);
				GCC_SYMBOLS_PRIVATE_EXTERN = NO;
				GCC_WARN_64_TO_32_BIT_CONVERSION = YES;
				GCC_WARN_ABOUT_RETURN_TYPE = YES_ERROR;
				GCC_WARN_UNDECLARED_SELECTOR = YES;
				GCC_WARN_UNINITIALIZED_AUTOS = YES_AGGRESSIVE;
				GCC_WARN_UNUSED_FUNCTION = YES;
				GCC_WARN_UNUSED_VARIABLE = YES;
				IPHONEOS_DEPLOYMENT_TARGET = 8.3;
				MTL_ENABLE_DEBUG_INFO = YES;
				ONLY_ACTIVE_ARCH = YES;
				SDKROOT = iphoneos;
			};
			name = Debug;
		};
		3A0EA0B21AEE2EAD0019ABF4 /* Release */ = {
			isa = XCBuildConfiguration;
			buildSettings = {
				ALWAYS_SEARCH_USER_PATHS = NO;
				CLANG_CXX_LANGUAGE_STANDARD = "gnu++0x";
				CLANG_CXX_LIBRARY = "libc++";
				CLANG_ENABLE_MODULES = YES;
				CLANG_ENABLE_OBJC_ARC = YES;
				CLANG_WARN_BOOL_CONVERSION = YES;
				CLANG_WARN_CONSTANT_CONVERSION = YES;
				CLANG_WARN_DIRECT_OBJC_ISA_USAGE = YES_ERROR;
				CLANG_WARN_EMPTY_BODY = YES;
				CLANG_WARN_ENUM_CONVERSION = YES;
				CLANG_WARN_INT_CONVERSION = YES;
				CLANG_WARN_OBJC_ROOT_CLASS = YES_ERROR;
				CLANG_WARN_UNREACHABLE_CODE = YES;
				CLANG_WARN__DUPLICATE_METHOD_MATCH = YES;
				"CODE_SIGN_IDENTITY[sdk=iphoneos*]" = "iPhone Developer";
				COPY_PHASE_STRIP = NO;
				DEBUG_INFORMATION_FORMAT = "dwarf-with-dsym";
				ENABLE_NS_ASSERTIONS = NO;
				ENABLE_STRICT_OBJC_MSGSEND = YES;
				GCC_C_LANGUAGE_STANDARD = gnu99;
				GCC_NO_COMMON_BLOCKS = YES;
				GCC_WARN_64_TO_32_BIT_CONVERSION = YES;
				GCC_WARN_ABOUT_RETURN_TYPE = YES_ERROR;
				GCC_WARN_UNDECLARED_SELECTOR = YES;
				GCC_WARN_UNINITIALIZED_AUTOS = YES_AGGRESSIVE;
				GCC_WARN_UNUSED_FUNCTION = YES;
				GCC_WARN_UNUSED_VARIABLE = YES;
				IPHONEOS_DEPLOYMENT_TARGET = 8.3;
				MTL_ENABLE_DEBUG_INFO = NO;
				SDKROOT = iphoneos;
				VALIDATE_PRODUCT = YES;
			};
			name = Release;
		};
		3A0EA0B41AEE2EAD0019ABF4 /* Debug */ = {
			isa = XCBuildConfiguration;
			buildSettings = {
				ASSETCATALOG_COMPILER_APPICON_NAME = AppIcon;
				INFOPLIST_FILE = AlertDemo/Info.plist;
				LD_RUNPATH_SEARCH_PATHS = "$(inherited) @executable_path/Frameworks";
				PRODUCT_NAME = "$(TARGET_NAME)";
			};
			name = Debug;
		};
		3A0EA0B51AEE2EAD0019ABF4 /* Release */ = {
			isa = XCBuildConfiguration;
			buildSettings = {
				ASSETCATALOG_COMPILER_APPICON_NAME = AppIcon;
				INFOPLIST_FILE = AlertDemo/Info.plist;
				LD_RUNPATH_SEARCH_PATHS = "$(inherited) @executable_path/Frameworks";
				PRODUCT_NAME = "$(TARGET_NAME)";
			};
			name = Release;
		};
		3A0EA0B71AEE2EAD0019ABF4 /* Debug */ = {
			isa = XCBuildConfiguration;
			buildSettings = {
				BUNDLE_LOADER = "$(TEST_HOST)";
				FRAMEWORK_SEARCH_PATHS = (
					"$(SDKROOT)/Developer/Library/Frameworks",
					"$(inherited)",
				);
				GCC_PREPROCESSOR_DEFINITIONS = (
					"DEBUG=1",
					"$(inherited)",
				);
				INFOPLIST_FILE = AlertDemoTests/Info.plist;
				LD_RUNPATH_SEARCH_PATHS = "$(inherited) @executable_path/Frameworks @loader_path/Frameworks";
				PRODUCT_NAME = "$(TARGET_NAME)";
				TEST_HOST = "$(BUILT_PRODUCTS_DIR)/AlertDemo.app/AlertDemo";
			};
			name = Debug;
		};
		3A0EA0B81AEE2EAD0019ABF4 /* Release */ = {
			isa = XCBuildConfiguration;
			buildSettings = {
				BUNDLE_LOADER = "$(TEST_HOST)";
				FRAMEWORK_SEARCH_PATHS = (
					"$(SDKROOT)/Developer/Library/Frameworks",
					"$(inherited)",
				);
				INFOPLIST_FILE = AlertDemoTests/Info.plist;
				LD_RUNPATH_SEARCH_PATHS = "$(inherited) @executable_path/Frameworks @loader_path/Frameworks";
				PRODUCT_NAME = "$(TARGET_NAME)";
				TEST_HOST = "$(BUILT_PRODUCTS_DIR)/AlertDemo.app/AlertDemo";
			};
			name = Release;
		};
/* End XCBuildConfiguration section */

/* Begin XCConfigurationList section */
		3A0EA08B1AEE2EAD0019ABF4 /* Build configuration list for PBXProject "AlertDemo" */ = {
			isa = XCConfigurationList;
			buildConfigurations = (
				3A0EA0B11AEE2EAD0019ABF4 /* Debug */,
				3A0EA0B21AEE2EAD0019ABF4 /* Release */,
			);
			defaultConfigurationIsVisible = 0;
			defaultConfigurationName = Release;
		};
		3A0EA0B31AEE2EAD0019ABF4 /* Build configuration list for PBXNativeTarget "AlertDemo" */ = {
			isa = XCConfigurationList;
			buildConfigurations = (
				3A0EA0B41AEE2EAD0019ABF4 /* Debug */,
				3A0EA0B51AEE2EAD0019ABF4 /* Release */,
			);
			defaultConfigurationIsVisible = 0;
		};
		3A0EA0B61AEE2EAD0019ABF4 /* Build configuration list for PBXNativeTarget "AlertDemoTests" */ = {
			isa = XCConfigurationList;
			buildConfigurations = (
				3A0EA0B71AEE2EAD0019ABF4 /* Debug */,
				3A0EA0B81AEE2EAD0019ABF4 /* Release */,
			);
			defaultConfigurationIsVisible = 0;
		};
/* End XCConfigurationList section */
	};
	rootObject = 3A0EA0881AEE2EAD0019ABF4 /* Project object */;
}
